
Microsoft Visual Studio Solution File, Format Version 12.00
# Visual Studio Version 17
VisualStudioVersion = 17.9.34607.119
MinimumVisualStudioVersion = 10.0.40219.1
Project("{FAE04EC0-301F-11D3-BF4B-00C04F79EFBC}") = "ConsoleApp4", "ConsoleApp4.csproj", "{D0E033A7-4B61-461D-8B69-16D826C268ED}"
EndProject
Global
	GlobalSection(SolutionConfigurationPlatforms) = preSolution
		Debug|Any CPU = Debug|Any CPU
		Release|Any CPU = Release|Any CPU
	EndGlobalSection
	GlobalSection(ProjectConfigurationPlatforms) = postSolution
		{D0E033A7-4B61-461D-8B69-16D826C268ED}.Debug|Any CPU.ActiveCfg = Debug|Any CPU
		{D0E033A7-4B61-461D-8B69-16D826C268ED}.Debug|Any CPU.Build.0 = Debug|Any CPU
		{D0E033A7-4B61-461D-8B69-16D826C268ED}.Release|Any CPU.ActiveCfg = Release|Any CPU
		{D0E033A7-4B61-461D-8B69-16D826C268ED}.Release|Any CPU.Build.0 = Release|Any CPU
	EndGlobalSection
	GlobalSection(SolutionProperties) = preSolution
		HideSolutionNode = FALSE
	EndGlobalSection
	GlobalSection(ExtensibilityGlobals) = postSolution
		SolutionGuid = {7BD41117-DC57-4157-822F-F3F45545CB4F}
	EndGlobalSection
EndGlobal
